# THIS IS AN AUTOGENERATED FILE. DO NOT EDIT THIS FILE DIRECTLY.
# yarn lockfile v1


dql@^0.3.0:
  version "0.3.0"
  resolved "https://registry.yarnpkg.com/dql/-/dql-0.3.0.tgz#826321260e49c2cf5231a12ecfb1e1f2cc12e440"
  dependencies:
    squel "^5.12.0"

squel@^5.12.0:
  version "5.12.0"
  resolved "https://registry.yarnpkg.com/squel/-/squel-5.12.0.tgz#f8d0310db8d2ca63b5c36c11defc0f7993fcf78e"
